<?xml version="1.0" encoding="UTF-8" standalone="yes" ?>
<CodeBlocks_project_file>
	<FileVersion major="1" minor="6" />
	<Project>
		<Option title="EE441_PA2_2443604" />
		<Option pch_mode="2" />
		<Option compiler="gcc" />
		<Build>
			<Target title="Debug">
				<Option output="bin/Debug/EE441_PA2_2443604" prefix_auto="1" extension_auto="1" />
				<Option object_output="obj/Debug/" />
				<Option type="1" />
				<Option compiler="gcc" />
				<Compiler>
					<Add option="-g" />
				</Compiler>
			</Target>
			<Target title="Release">
				<Option output="bin/Release/EE441_PA2_2443604" prefix_auto="1" extension_auto="1" />
				<Option object_output="obj/Release/" />
				<Option type="1" />
				<Option compiler="gcc" />
				<Compiler>
					<Add option="-O2" />
				</Compiler>
				<Linker>
					<Add option="-s" />
				</Linker>
			</Target>
		</Build>
		<Compiler>
			<Add option="-Wall" />
			<Add option="-fexceptions" />
		</Compiler>
		<Unit filename="Node.h">
			<Option target="&lt;{~None~}&gt;" />
		</Unit>
		<Unit filename="NumberNode.cpp">
			<Option target="&lt;{~None~}&gt;" />
		</Unit>
		<Unit filename="NumberNode.h">
			<Option target="&lt;{~None~}&gt;" />
		</Unit>
		<Unit filename="NumberToken.cpp">
			<Option target="&lt;{~None~}&gt;" />
		</Unit>
		<Unit filename="NumberToken.h">
			<Option target="&lt;{~None~}&gt;" />
		</Unit>
		<Unit filename="OperatorNode.cpp">
			<Option target="&lt;{~None~}&gt;" />
		</Unit>
		<Unit filename="OperatorNode.h">
			<Option target="&lt;{~None~}&gt;" />
		</Unit>
		<Unit filename="OperatorToken.cpp">
			<Option target="&lt;{~None~}&gt;" />
		</Unit>
		<Unit filename="OperatorToken.h">
			<Option target="&lt;{~None~}&gt;" />
		</Unit>
		<Unit filename="SyntaxTree.cpp">
			<Option target="&lt;{~None~}&gt;" />
		</Unit>
		<Unit filename="SyntaxTree.h">
			<Option target="&lt;{~None~}&gt;" />
		</Unit>
		<Unit filename="Token.cpp">
			<Option target="&lt;{~None~}&gt;" />
		</Unit>
		<Unit filename="Token.h">
			<Option target="&lt;{~None~}&gt;" />
		</Unit>
		<Unit filename="TokenList.cpp">
			<Option target="&lt;{~None~}&gt;" />
		</Unit>
		<Unit filename="TokenList.h">
			<Option target="&lt;{~None~}&gt;" />
		</Unit>
		<Unit filename="main.cpp" />
		<Extensions>
			<lib_finder disable_auto="1" />
		</Extensions>
	</Project>
</CodeBlocks_project_file>
